
Microsoft Visual Studio Solution File, Format Version 12.00
# Visual Studio Version 17
VisualStudioVersion = 17.12.35514.174 d17.12
MinimumVisualStudioVersion = 10.0.40219.1
Project("{FAE04EC0-301F-11D3-BF4B-00C04F79EFBC}") = "RabbitMQ.Publisher", "RabbitMQ.Publisher.csproj", "{AC707092-7DEA-4BF7-8BDF-E5FE0C270BE6}"
EndProject
Global
	GlobalSection(SolutionConfigurationPlatforms) = preSolution
		Debug|Any CPU = Debug|Any CPU
		Release|Any CPU = Release|Any CPU
	EndGlobalSection
	GlobalSection(ProjectConfigurationPlatforms) = postSolution
		{AC707092-7DEA-4BF7-8BDF-E5FE0C270BE6}.Debug|Any CPU.ActiveCfg = Debug|Any CPU
		{AC707092-7DEA-4BF7-8BDF-E5FE0C270BE6}.Debug|Any CPU.Build.0 = Debug|Any CPU
		{AC707092-7DEA-4BF7-8BDF-E5FE0C270BE6}.Release|Any CPU.ActiveCfg = Release|Any CPU
		{AC707092-7DEA-4BF7-8BDF-E5FE0C270BE6}.Release|Any CPU.Build.0 = Release|Any CPU
	EndGlobalSection
	GlobalSection(SolutionProperties) = preSolution
		HideSolutionNode = FALSE
	EndGlobalSection
EndGlobal
